github.com/alecthomas/template v0.0.0-20190718012654-fb15b899a751 h1:JYp7IbQjafoB+tBA3gMyHYHrpOtNuDiK/uB5uXxq5wM=
github.com/alecthomas/template v0.0.0-20190718012654-fb15b899a751/go.mod h1:LOuyumcjzFXgccqObfd/Ljyb9UuFJ6TxHnclSeseNhc=
github.com/alecthomas/units v0.0.0-20190717042225-c3de453c63f4 h1:Hs82Z41s6SdL1CELW+XaDYmOH4hkBN4/N9og/AsOv7E=
github.com/alecthomas/units v0.0.0-20190717042225-c3de453c63f4/go.mod h1:ybxpYRFXyAe+OPACYpWeL0wqObRcbAqCMya13uyzqw0=
github.com/go-gomail/gomail v0.0.0-20160411212932-81ebce5c23df h1:Bao6dhmbTA1KFVxmJ6nBoMuOJit2yjEgLJpIMYpop0E=
github.com/go-gomail/gomail v0.0.0-20160411212932-81ebce5c23df/go.mod h1:GJr+FCSXshIwgHBtLglIg9M2l2kQSi6QjVAngtzI08Y=
github.com/mailru/easyjson v0.0.0-20190626092158-b2ccc519800e h1:hB2xlXdHp/pmPZq0y3QnmWAArdw9PqbmotexnWx/FU8=
github.com/mailru/easyjson v0.0.0-20190626092158-b2ccc519800e/go.mod h1:C1wdFJiN94OJF2b5HbByQZoLdCWB1Yqtg26g4irojpc=
gopkg.in/alecthomas/kingpin.v2 v2.2.6 h1:jMFz6MfLP0/4fUyZle81rXUoxOBFi19VUFKVDOQfozc=
gopkg.in/alecthomas/kingpin.v2 v2.2.6/go.mod h1:FMv+mEhP44yOT+4EoQTLFTRgOQ1FBLkstjWtayDeSgw=
